
Microsoft Visual Studio Solution File, Format Version 12.00
# Visual Studio 2013
VisualStudioVersion = 12.0.31101.0
MinimumVisualStudioVersion = 10.0.40219.1
Project("{FAE04EC0-301F-11D3-BF4B-00C04F79EFBC}") = "01. StudentClass", "StudentClass\01. StudentClass.csproj", "{391FB7DA-2F76-4566-8FA9-8E9304976B27}"
EndProject
Project("{FAE04EC0-301F-11D3-BF4B-00C04F79EFBC}") = "04. PersonClass", "PersonClass\04. PersonClass.csproj", "{EA5C9042-2C47-4B45-84F4-FBC372464EF1}"
EndProject
Project("{FAE04EC0-301F-11D3-BF4B-00C04F79EFBC}") = "05. 64BitArray", "64BitArray\05. 64BitArray.csproj", "{46BD266E-A1D1-4829-9B49-69FDA2A38CF6}"
EndProject
Project("{FAE04EC0-301F-11D3-BF4B-00C04F79EFBC}") = "06. BinarySearchTree", "BinarySearchTree\06. BinarySearchTree.csproj", "{1D581012-C377-4346-AADA-110A0A744310}"
EndProject
Global
	GlobalSection(SolutionConfigurationPlatforms) = preSolution
		Debug|Any CPU = Debug|Any CPU
		Release|Any CPU = Release|Any CPU
	EndGlobalSection
	GlobalSection(ProjectConfigurationPlatforms) = postSolution
		{391FB7DA-2F76-4566-8FA9-8E9304976B27}.Debug|Any CPU.ActiveCfg = Debug|Any CPU
		{391FB7DA-2F76-4566-8FA9-8E9304976B27}.Debug|Any CPU.Build.0 = Debug|Any CPU
		{391FB7DA-2F76-4566-8FA9-8E9304976B27}.Release|Any CPU.ActiveCfg = Release|Any CPU
		{391FB7DA-2F76-4566-8FA9-8E9304976B27}.Release|Any CPU.Build.0 = Release|Any CPU
		{EA5C9042-2C47-4B45-84F4-FBC372464EF1}.Debug|Any CPU.ActiveCfg = Debug|Any CPU
		{EA5C9042-2C47-4B45-84F4-FBC372464EF1}.Debug|Any CPU.Build.0 = Debug|Any CPU
		{EA5C9042-2C47-4B45-84F4-FBC372464EF1}.Release|Any CPU.ActiveCfg = Release|Any CPU
		{EA5C9042-2C47-4B45-84F4-FBC372464EF1}.Release|Any CPU.Build.0 = Release|Any CPU
		{46BD266E-A1D1-4829-9B49-69FDA2A38CF6}.Debug|Any CPU.ActiveCfg = Debug|Any CPU
		{46BD266E-A1D1-4829-9B49-69FDA2A38CF6}.Debug|Any CPU.Build.0 = Debug|Any CPU
		{46BD266E-A1D1-4829-9B49-69FDA2A38CF6}.Release|Any CPU.ActiveCfg = Release|Any CPU
		{46BD266E-A1D1-4829-9B49-69FDA2A38CF6}.Release|Any CPU.Build.0 = Release|Any CPU
		{1D581012-C377-4346-AADA-110A0A744310}.Debug|Any CPU.ActiveCfg = Debug|Any CPU
		{1D581012-C377-4346-AADA-110A0A744310}.Debug|Any CPU.Build.0 = Debug|Any CPU
		{1D581012-C377-4346-AADA-110A0A744310}.Release|Any CPU.ActiveCfg = Release|Any CPU
		{1D581012-C377-4346-AADA-110A0A744310}.Release|Any CPU.Build.0 = Release|Any CPU
	EndGlobalSection
	GlobalSection(SolutionProperties) = preSolution
		HideSolutionNode = FALSE
	EndGlobalSection
EndGlobal
